
Microsoft Visual Studio Solution File, Format Version 12.00
# Visual Studio 15
VisualStudioVersion = 15.0.27130.2027
MinimumVisualStudioVersion = 10.0.40219.1
Project("{FAE04EC0-301F-11D3-BF4B-00C04F79EFBC}") = "QueryBuilder.EntityFramework.Extensions.Tests", "tests\QueryBuilder.EntityFramework.Extensions.Tests\QueryBuilder.EntityFramework.Extensions.Tests.csproj", "{6FAFAEF1-DF03-4046-B34C-E6B9D25AC494}"
EndProject
Project("{2150E333-8FDC-42A3-9474-1A3956D46DE8}") = "samples", "samples", "{34B950DE-1F2D-4CBB-B630-DDC8124BA79E}"
EndProject
Project("{FAE04EC0-301F-11D3-BF4B-00C04F79EFBC}") = "QueryBuilder.Samples", "samples\QueryBuilder.Samples\QueryBuilder.Samples.csproj", "{D71CC04A-6A9D-4A94-AD5B-62A351F75167}"
EndProject
Project("{2150E333-8FDC-42A3-9474-1A3956D46DE8}") = "src", "src", "{89E369EF-D066-4184-AB84-48675AA2BE79}"
	ProjectSection(SolutionItems) = preProject
		README.md = README.md
	EndProjectSection
EndProject
Project("{2150E333-8FDC-42A3-9474-1A3956D46DE8}") = "tests", "tests", "{43CD3D61-DCEA-4E82-AFE1-72409639FDAC}"
EndProject
Project("{9A19103F-16F7-4668-BE54-9A1E7A4F7556}") = "QueryBuilder.Core", "src\QueryBuilder.Core\QueryBuilder.Core.csproj", "{A1B7C63D-7A16-4288-8D98-24755C1078CD}"
EndProject
Project("{FAE04EC0-301F-11D3-BF4B-00C04F79EFBC}") = "QueryBuilder.Core.Tests", "tests\QueryBuilder.Core.Tests\QueryBuilder.Core.Tests.csproj", "{C1BB8A58-46A7-44EA-9E8A-559FBFE41BD2}"
EndProject
Project("{FAE04EC0-301F-11D3-BF4B-00C04F79EFBC}") = "QueryBuilder.EntityFramework", "src\QueryBuilder.EntityFramework\QueryBuilder.EntityFramework.csproj", "{08D8F66C-40CB-4B9A-B559-490E27D2290F}"
EndProject
Project("{FAE04EC0-301F-11D3-BF4B-00C04F79EFBC}") = "QueryBuilder.EntityFramework.SqlServer", "src\QueryBuilder.EntityFramework.SqlServer\QueryBuilder.EntityFramework.SqlServer.csproj", "{D7062133-C8EA-4838-92BA-7C686335DD8B}"
EndProject
Project("{9A19103F-16F7-4668-BE54-9A1E7A4F7556}") = "QueryBuilder.SqlServer", "src\QueryBuilder.SqlServer\QueryBuilder.SqlServer.csproj", "{AACBCD94-8A06-4DAC-9E3A-2FCD0AE0F52C}"
EndProject
Project("{FAE04EC0-301F-11D3-BF4B-00C04F79EFBC}") = "QueryBuilder.EFCore", "src\QueryBuilder.EFCore\QueryBuilder.EFCore.csproj", "{5679447F-D013-4040-BFF0-623916FAD0AA}"
EndProject
Global
	GlobalSection(SolutionConfigurationPlatforms) = preSolution
		Debug|Any CPU = Debug|Any CPU
		Release|Any CPU = Release|Any CPU
	EndGlobalSection
	GlobalSection(ProjectConfigurationPlatforms) = postSolution
		{6FAFAEF1-DF03-4046-B34C-E6B9D25AC494}.Debug|Any CPU.ActiveCfg = Debug|Any CPU
		{6FAFAEF1-DF03-4046-B34C-E6B9D25AC494}.Debug|Any CPU.Build.0 = Debug|Any CPU
		{6FAFAEF1-DF03-4046-B34C-E6B9D25AC494}.Release|Any CPU.ActiveCfg = Release|Any CPU
		{6FAFAEF1-DF03-4046-B34C-E6B9D25AC494}.Release|Any CPU.Build.0 = Release|Any CPU
		{D71CC04A-6A9D-4A94-AD5B-62A351F75167}.Debug|Any CPU.ActiveCfg = Debug|Any CPU
		{D71CC04A-6A9D-4A94-AD5B-62A351F75167}.Debug|Any CPU.Build.0 = Debug|Any CPU
		{D71CC04A-6A9D-4A94-AD5B-62A351F75167}.Release|Any CPU.ActiveCfg = Release|Any CPU
		{D71CC04A-6A9D-4A94-AD5B-62A351F75167}.Release|Any CPU.Build.0 = Release|Any CPU
		{A1B7C63D-7A16-4288-8D98-24755C1078CD}.Debug|Any CPU.ActiveCfg = Debug|Any CPU
		{A1B7C63D-7A16-4288-8D98-24755C1078CD}.Debug|Any CPU.Build.0 = Debug|Any CPU
		{A1B7C63D-7A16-4288-8D98-24755C1078CD}.Release|Any CPU.ActiveCfg = Release|Any CPU
		{A1B7C63D-7A16-4288-8D98-24755C1078CD}.Release|Any CPU.Build.0 = Release|Any CPU
		{C1BB8A58-46A7-44EA-9E8A-559FBFE41BD2}.Debug|Any CPU.ActiveCfg = Debug|Any CPU
		{C1BB8A58-46A7-44EA-9E8A-559FBFE41BD2}.Debug|Any CPU.Build.0 = Debug|Any CPU
		{C1BB8A58-46A7-44EA-9E8A-559FBFE41BD2}.Release|Any CPU.ActiveCfg = Release|Any CPU
		{C1BB8A58-46A7-44EA-9E8A-559FBFE41BD2}.Release|Any CPU.Build.0 = Release|Any CPU
		{08D8F66C-40CB-4B9A-B559-490E27D2290F}.Debug|Any CPU.ActiveCfg = Debug|Any CPU
		{08D8F66C-40CB-4B9A-B559-490E27D2290F}.Debug|Any CPU.Build.0 = Debug|Any CPU
		{08D8F66C-40CB-4B9A-B559-490E27D2290F}.Release|Any CPU.ActiveCfg = Release|Any CPU
		{08D8F66C-40CB-4B9A-B559-490E27D2290F}.Release|Any CPU.Build.0 = Release|Any CPU
		{D7062133-C8EA-4838-92BA-7C686335DD8B}.Debug|Any CPU.ActiveCfg = Debug|Any CPU
		{D7062133-C8EA-4838-92BA-7C686335DD8B}.Debug|Any CPU.Build.0 = Debug|Any CPU
		{D7062133-C8EA-4838-92BA-7C686335DD8B}.Release|Any CPU.ActiveCfg = Release|Any CPU
		{D7062133-C8EA-4838-92BA-7C686335DD8B}.Release|Any CPU.Build.0 = Release|Any CPU
		{AACBCD94-8A06-4DAC-9E3A-2FCD0AE0F52C}.Debug|Any CPU.ActiveCfg = Debug|Any CPU
		{AACBCD94-8A06-4DAC-9E3A-2FCD0AE0F52C}.Debug|Any CPU.Build.0 = Debug|Any CPU
		{AACBCD94-8A06-4DAC-9E3A-2FCD0AE0F52C}.Release|Any CPU.ActiveCfg = Release|Any CPU
		{AACBCD94-8A06-4DAC-9E3A-2FCD0AE0F52C}.Release|Any CPU.Build.0 = Release|Any CPU
		{5679447F-D013-4040-BFF0-623916FAD0AA}.Debug|Any CPU.ActiveCfg = Debug|Any CPU
		{5679447F-D013-4040-BFF0-623916FAD0AA}.Debug|Any CPU.Build.0 = Debug|Any CPU
		{5679447F-D013-4040-BFF0-623916FAD0AA}.Release|Any CPU.ActiveCfg = Release|Any CPU
		{5679447F-D013-4040-BFF0-623916FAD0AA}.Release|Any CPU.Build.0 = Release|Any CPU
	EndGlobalSection
	GlobalSection(SolutionProperties) = preSolution
		HideSolutionNode = FALSE
	EndGlobalSection
	GlobalSection(NestedProjects) = preSolution
		{6FAFAEF1-DF03-4046-B34C-E6B9D25AC494} = {43CD3D61-DCEA-4E82-AFE1-72409639FDAC}
		{D71CC04A-6A9D-4A94-AD5B-62A351F75167} = {34B950DE-1F2D-4CBB-B630-DDC8124BA79E}
		{A1B7C63D-7A16-4288-8D98-24755C1078CD} = {89E369EF-D066-4184-AB84-48675AA2BE79}
		{C1BB8A58-46A7-44EA-9E8A-559FBFE41BD2} = {43CD3D61-DCEA-4E82-AFE1-72409639FDAC}
		{08D8F66C-40CB-4B9A-B559-490E27D2290F} = {89E369EF-D066-4184-AB84-48675AA2BE79}
		{D7062133-C8EA-4838-92BA-7C686335DD8B} = {89E369EF-D066-4184-AB84-48675AA2BE79}
		{AACBCD94-8A06-4DAC-9E3A-2FCD0AE0F52C} = {89E369EF-D066-4184-AB84-48675AA2BE79}
		{5679447F-D013-4040-BFF0-623916FAD0AA} = {89E369EF-D066-4184-AB84-48675AA2BE79}
	EndGlobalSection
	GlobalSection(ExtensibilityGlobals) = postSolution
		SolutionGuid = {2FDA7E24-10AC-4C9F-8A94-4B35740A9E70}
	EndGlobalSection
EndGlobal
